
Microsoft Visual Studio Solution File, Format Version 12.00
# Visual Studio Version 17
VisualStudioVersion = 17.0.32112.339
MinimumVisualStudioVersion = 10.0.40219.1
Project("{FAE04EC0-301F-11D3-BF4B-00C04F79EFBC}") = "Task1", "Task1\Task1.csproj", "{F1A162D8-3FD1-42B6-A9CB-18538D3B5D22}"
EndProject
Global
	GlobalSection(SolutionConfigurationPlatforms) = preSolution
		Debug|Any CPU = Debug|Any CPU
		Release|Any CPU = Release|Any CPU
	EndGlobalSection
	GlobalSection(ProjectConfigurationPlatforms) = postSolution
		{F1A162D8-3FD1-42B6-A9CB-18538D3B5D22}.Debug|Any CPU.ActiveCfg = Debug|Any CPU
		{F1A162D8-3FD1-42B6-A9CB-18538D3B5D22}.Debug|Any CPU.Build.0 = Debug|Any CPU
		{F1A162D8-3FD1-42B6-A9CB-18538D3B5D22}.Release|Any CPU.ActiveCfg = Release|Any CPU
		{F1A162D8-3FD1-42B6-A9CB-18538D3B5D22}.Release|Any CPU.Build.0 = Release|Any CPU
	EndGlobalSection
	GlobalSection(SolutionProperties) = preSolution
		HideSolutionNode = FALSE
	EndGlobalSection
	GlobalSection(ExtensibilityGlobals) = postSolution
		SolutionGuid = {08555432-D743-4C7A-8631-E4370BE352C1}
	EndGlobalSection
EndGlobal
